{
  "name": "k6-loadtest",
  "lockfileVersion": 3,
  "requires": true,
  "packages": {
    "": {
      "devDependencies": {
        "@types/k6": "^0.47.1",
        "typescript": "^5.2.2"
      }
    },
    "node_modules/@types/k6": {
      "version": "0.47.1",
      "resolved": "https://registry.npmjs.org/@types/k6/-/k6-0.47.1.tgz",
      "integrity": "sha512-dQCSM3WT4f5MWCyyxmY/fO+BSYS217nvlvOhDvqg4lZGfzbAuS6pOG+UuwoH+3mLTChccEds+0Q0q7YWBbtgMQ==",
      "dev": true
    },
    "node_modules/typescript": {
      "version": "5.2.2",
      "resolved": "https://registry.npmjs.org/typescript/-/typescript-5.2.2.tgz",
      "integrity": "sha512-mI4WrpHsbCIcwT9cF4FZvr80QUeKvsUsUvKDoR+X/7XHQH98xYD8YHZg7ANtz2GtZt/CBq2QJ0thkGJMHfqc1w==",
      "dev": true,
      "bin": {
        "tsc": "bin/tsc",
        "tsserver": "bin/tsserver"
      },
      "engines": {
        "node": ">=14.17"
      }
    }
  }
}
